# This file is automatically @generated by Crow.
# It is not intended for manual editing.

version = 1

[[package]]
name = "examples"
version = "0.1.0"
dependencies = ["zap 0.1.0 (registry+https://github.com/user-with-username/crow-registry#zap@c43c248c)"]

[[package]]
name = "cpp_httplib"
version = "0.0.0"
source = "registry+https://github.com/user-with-username/crow-registry#cpp_httplib@28f8264d"
checksum = "28f8264d134a576422cd0f99f19719c2749d9e47"

[[package]]
name = "nlohmann_json"
version = "0.0.0"
source = "registry+https://github.com/user-with-username/crow-registry#nlohmann_json@55f93686"
checksum = "55f93686c01528224f448c19128836e7df245f72"

[[package]]
name = "zap"
version = "0.1.0"
source = "registry+https://github.com/user-with-username/crow-registry#zap@c43c248c"
checksum = "c43c248c8dffd92c76d0c0ea423efafe15641e19"
dependencies = ["cpp_httplib 0.0.0 (registry+https://github.com/user-with-username/crow-registry#cpp_httplib@28f8264d)", "nlohmann_json 0.0.0 (registry+https://github.com/user-with-username/crow-registry#nlohmann_json@55f93686)"]
